
Microsoft Visual Studio Solution File, Format Version 12.00
# Visual Studio Version 17
VisualStudioVersion = 17.13.35931.197 d17.13
MinimumVisualStudioVersion = 10.0.40219.1
Project("{FAE04EC0-301F-11D3-BF4B-00C04F79EFBC}") = "SchoolMathAndProgramming", "SchoolMathAndProgramming.csproj", "{03568A21-AB91-44F5-A259-08E53697ABDE}"
EndProject
Global
	GlobalSection(SolutionConfigurationPlatforms) = preSolution
		Debug|Any CPU = Debug|Any CPU
		Release|Any CPU = Release|Any CPU
	EndGlobalSection
	GlobalSection(ProjectConfigurationPlatforms) = postSolution
		{03568A21-AB91-44F5-A259-08E53697ABDE}.Debug|Any CPU.ActiveCfg = Debug|Any CPU
		{03568A21-AB91-44F5-A259-08E53697ABDE}.Debug|Any CPU.Build.0 = Debug|Any CPU
		{03568A21-AB91-44F5-A259-08E53697ABDE}.Release|Any CPU.ActiveCfg = Release|Any CPU
		{03568A21-AB91-44F5-A259-08E53697ABDE}.Release|Any CPU.Build.0 = Release|Any CPU
	EndGlobalSection
	GlobalSection(SolutionProperties) = preSolution
		HideSolutionNode = FALSE
	EndGlobalSection
	GlobalSection(ExtensibilityGlobals) = postSolution
		SolutionGuid = {8E6945A6-C119-4CD1-AAE1-B52DD7B27F86}
	EndGlobalSection
EndGlobal
